
Microsoft Visual Studio Solution File, Format Version 12.00
Project("{FAE04EC0-301F-11D3-BF4B-00C04F79EFBC}") = "Tracer.Serialization.Json", "Tracer.Serialization.Json\Tracer.Serialization.Json.csproj", "{3CBFEFB3-3CE6-481E-B372-E73EA90997A0}"
EndProject
Project("{FAE04EC0-301F-11D3-BF4B-00C04F79EFBC}") = "Tracer.Serialization.Xml", "Tracer.Serialization.Xml\Tracer.Serialization.Xml.csproj", "{8B80F4FC-2B0C-400A-9952-5F006E609313}"
EndProject
Project("{FAE04EC0-301F-11D3-BF4B-00C04F79EFBC}") = "Tracer.Serialization.Yaml", "Tracer.Serialization.Yaml\Tracer.Serialization.Yaml.csproj", "{92239DC9-38E0-44BE-8A8E-788CC5746226}"
EndProject
Project("{FAE04EC0-301F-11D3-BF4B-00C04F79EFBC}") = "Tracer.Serialization.Abstractions", "..\Tracer\Tracer.Serialization.Abstractions\Tracer.Serialization.Abstractions.csproj", "{C438AA91-BCF4-4498-AF67-959912E09358}"
EndProject
Project("{FAE04EC0-301F-11D3-BF4B-00C04F79EFBC}") = "Tracer.Core", "..\Tracer\Tracer.Core\Tracer.Core.csproj", "{F9764E70-5956-4221-9E9B-EBC8A16BF3BD}"
EndProject
Global
	GlobalSection(SolutionConfigurationPlatforms) = preSolution
		Debug|Any CPU = Debug|Any CPU
		Release|Any CPU = Release|Any CPU
	EndGlobalSection
	GlobalSection(ProjectConfigurationPlatforms) = postSolution
		{3CBFEFB3-3CE6-481E-B372-E73EA90997A0}.Debug|Any CPU.ActiveCfg = Debug|Any CPU
		{3CBFEFB3-3CE6-481E-B372-E73EA90997A0}.Debug|Any CPU.Build.0 = Debug|Any CPU
		{3CBFEFB3-3CE6-481E-B372-E73EA90997A0}.Release|Any CPU.ActiveCfg = Release|Any CPU
		{3CBFEFB3-3CE6-481E-B372-E73EA90997A0}.Release|Any CPU.Build.0 = Release|Any CPU
		{8B80F4FC-2B0C-400A-9952-5F006E609313}.Debug|Any CPU.ActiveCfg = Debug|Any CPU
		{8B80F4FC-2B0C-400A-9952-5F006E609313}.Debug|Any CPU.Build.0 = Debug|Any CPU
		{8B80F4FC-2B0C-400A-9952-5F006E609313}.Release|Any CPU.ActiveCfg = Release|Any CPU
		{8B80F4FC-2B0C-400A-9952-5F006E609313}.Release|Any CPU.Build.0 = Release|Any CPU
		{92239DC9-38E0-44BE-8A8E-788CC5746226}.Debug|Any CPU.ActiveCfg = Debug|Any CPU
		{92239DC9-38E0-44BE-8A8E-788CC5746226}.Debug|Any CPU.Build.0 = Debug|Any CPU
		{92239DC9-38E0-44BE-8A8E-788CC5746226}.Release|Any CPU.ActiveCfg = Release|Any CPU
		{92239DC9-38E0-44BE-8A8E-788CC5746226}.Release|Any CPU.Build.0 = Release|Any CPU
		{C438AA91-BCF4-4498-AF67-959912E09358}.Debug|Any CPU.ActiveCfg = Debug|Any CPU
		{C438AA91-BCF4-4498-AF67-959912E09358}.Debug|Any CPU.Build.0 = Debug|Any CPU
		{C438AA91-BCF4-4498-AF67-959912E09358}.Release|Any CPU.ActiveCfg = Release|Any CPU
		{C438AA91-BCF4-4498-AF67-959912E09358}.Release|Any CPU.Build.0 = Release|Any CPU
		{F9764E70-5956-4221-9E9B-EBC8A16BF3BD}.Debug|Any CPU.ActiveCfg = Debug|Any CPU
		{F9764E70-5956-4221-9E9B-EBC8A16BF3BD}.Debug|Any CPU.Build.0 = Debug|Any CPU
		{F9764E70-5956-4221-9E9B-EBC8A16BF3BD}.Release|Any CPU.ActiveCfg = Release|Any CPU
		{F9764E70-5956-4221-9E9B-EBC8A16BF3BD}.Release|Any CPU.Build.0 = Release|Any CPU
	EndGlobalSection
EndGlobal
